
Microsoft Visual Studio Solution File, Format Version 12.00
# Visual Studio 15
VisualStudioVersion = 15.0.27428.2002
MinimumVisualStudioVersion = 10.0.40219.1
Project("{FAE04EC0-301F-11D3-BF4B-00C04F79EFBC}") = "StampsApp", "StampsApp\StampsApp.csproj", "{2D2263D4-72D3-49BE-BB90-DE8CD2506B89}"
EndProject
Global
	GlobalSection(SolutionConfigurationPlatforms) = preSolution
		Debug|Any CPU = Debug|Any CPU
		Release|Any CPU = Release|Any CPU
	EndGlobalSection
	GlobalSection(ProjectConfigurationPlatforms) = postSolution
		{2D2263D4-72D3-49BE-BB90-DE8CD2506B89}.Debug|Any CPU.ActiveCfg = Debug|Any CPU
		{2D2263D4-72D3-49BE-BB90-DE8CD2506B89}.Debug|Any CPU.Build.0 = Debug|Any CPU
		{2D2263D4-72D3-49BE-BB90-DE8CD2506B89}.Release|Any CPU.ActiveCfg = Release|Any CPU
		{2D2263D4-72D3-49BE-BB90-DE8CD2506B89}.Release|Any CPU.Build.0 = Release|Any CPU
	EndGlobalSection
	GlobalSection(SolutionProperties) = preSolution
		HideSolutionNode = FALSE
	EndGlobalSection
	GlobalSection(ExtensibilityGlobals) = postSolution
		SolutionGuid = {F35538C1-5192-4701-A25F-3AF27579B556}
	EndGlobalSection
EndGlobal
